# THIS IS AN AUTOGENERATED FILE. DO NOT EDIT THIS FILE DIRECTLY.
# yarn lockfile v1


blueimp-canvas-to-blob@^3.29.0:
  version "3.29.0"
  resolved "https://registry.npmmirror.com/blueimp-canvas-to-blob/-/blueimp-canvas-to-blob-3.29.0.tgz#d965f06cb1a67fdae207a2be56683f55ef531466"
  integrity sha512-0pcSSGxC0QxT+yVkivxIqW0Y4VlO2XSDPofBAqoJ1qJxgH9eiUDLv50Rixij2cDuEfx4M6DpD9UGZpRhT5Q8qg==

compressorjs@^1.2.1:
  version "1.2.1"
  resolved "https://registry.npmmirror.com/compressorjs/-/compressorjs-1.2.1.tgz#4dee18ef5032f8166bd0a3258f045eda2cd07671"
  integrity sha512-+geIjeRnPhQ+LLvvA7wxBQE5ddeLU7pJ3FsKFWirDw6veY3s9iLxAQEw7lXGHnhCJvBujEQWuNnGzZcvCvdkLQ==
  dependencies:
    blueimp-canvas-to-blob "^3.29.0"
    is-blob "^2.1.0"

is-blob@^2.1.0:
  version "2.1.0"
  resolved "https://registry.npmmirror.com/is-blob/-/is-blob-2.1.0.tgz#e36cd82c90653f1e1b930f11baf9c64216a05385"
  integrity sha512-SZ/fTft5eUhQM6oF/ZaASFDEdbFVe89Imltn9uZr03wdKMcWNVYSMjQPFtg05QuNkt5l5c135ElvXEQG0rk4tw==

nanoid@^5.0.3:
  version "5.0.4"
  resolved "https://registry.npmmirror.com/nanoid/-/nanoid-5.0.4.tgz#d2b608d8169d7da669279127615535705aa52edf"
  integrity sha512-vAjmBf13gsmhXSgBrtIclinISzFFy22WwCYoyilZlsrRXNIHSwgFQ1bEdjRwMT3aoadeIF6HMuDRlOxzfXV8ig==
